
Microsoft Visual Studio Solution File, Format Version 12.00
# Visual Studio Version 17
VisualStudioVersion = 17.14.36301.6
MinimumVisualStudioVersion = 10.0.40219.1
Project("{2150E333-8FDC-42A3-9474-1A3956D46DE8}") = "01-API", "01-API", "{02EA681E-C7D8-13C7-8484-4AC65E1B71E8}"
EndProject
Project("{2150E333-8FDC-42A3-9474-1A3956D46DE8}") = "02-Application", "02-Application", "{06367A96-7410-4B47-AB96-0FC5F646A5E9}"
EndProject
Project("{2150E333-8FDC-42A3-9474-1A3956D46DE8}") = "03-Domain", "03-Domain", "{FB53B95A-6BEC-4866-B005-09EA592F84C3}"
EndProject
Project("{2150E333-8FDC-42A3-9474-1A3956D46DE8}") = "04-Infrastructure", "04-Infrastructure", "{007F5270-0143-4028-8EE3-2951DDEB5DA0}"
EndProject
Project("{FAE04EC0-301F-11D3-BF4B-00C04F79EFBC}") = "Orders.API", "Orders.API\Orders.API.csproj", "{53AE35DE-88F0-43EE-90E1-EB70277C4D9F}"
EndProject
Project("{FAE04EC0-301F-11D3-BF4B-00C04F79EFBC}") = "Orders.Application", "Orders.Application\Orders.Application.csproj", "{72AD284C-5AAD-4EE7-87F2-DCDB28B0ADE2}"
EndProject
Project("{FAE04EC0-301F-11D3-BF4B-00C04F79EFBC}") = "Orders.Domain", "Orders.Domain\Orders.Domain.csproj", "{7CD0EAEF-E033-4A0A-9EF4-8AB144C53B37}"
EndProject
Project("{FAE04EC0-301F-11D3-BF4B-00C04F79EFBC}") = "Orders.Infra", "Orders.Infra\Orders.Infra.csproj", "{201B8348-3727-4D4F-9B94-0DBE8273002C}"
EndProject
Global
	GlobalSection(SolutionConfigurationPlatforms) = preSolution
		Debug|Any CPU = Debug|Any CPU
		Release|Any CPU = Release|Any CPU
	EndGlobalSection
	GlobalSection(ProjectConfigurationPlatforms) = postSolution
		{53AE35DE-88F0-43EE-90E1-EB70277C4D9F}.Debug|Any CPU.ActiveCfg = Debug|Any CPU
		{53AE35DE-88F0-43EE-90E1-EB70277C4D9F}.Debug|Any CPU.Build.0 = Debug|Any CPU
		{53AE35DE-88F0-43EE-90E1-EB70277C4D9F}.Release|Any CPU.ActiveCfg = Release|Any CPU
		{53AE35DE-88F0-43EE-90E1-EB70277C4D9F}.Release|Any CPU.Build.0 = Release|Any CPU
		{72AD284C-5AAD-4EE7-87F2-DCDB28B0ADE2}.Debug|Any CPU.ActiveCfg = Debug|Any CPU
		{72AD284C-5AAD-4EE7-87F2-DCDB28B0ADE2}.Debug|Any CPU.Build.0 = Debug|Any CPU
		{72AD284C-5AAD-4EE7-87F2-DCDB28B0ADE2}.Release|Any CPU.ActiveCfg = Release|Any CPU
		{72AD284C-5AAD-4EE7-87F2-DCDB28B0ADE2}.Release|Any CPU.Build.0 = Release|Any CPU
		{7CD0EAEF-E033-4A0A-9EF4-8AB144C53B37}.Debug|Any CPU.ActiveCfg = Debug|Any CPU
		{7CD0EAEF-E033-4A0A-9EF4-8AB144C53B37}.Debug|Any CPU.Build.0 = Debug|Any CPU
		{7CD0EAEF-E033-4A0A-9EF4-8AB144C53B37}.Release|Any CPU.ActiveCfg = Release|Any CPU
		{7CD0EAEF-E033-4A0A-9EF4-8AB144C53B37}.Release|Any CPU.Build.0 = Release|Any CPU
		{201B8348-3727-4D4F-9B94-0DBE8273002C}.Debug|Any CPU.ActiveCfg = Debug|Any CPU
		{201B8348-3727-4D4F-9B94-0DBE8273002C}.Debug|Any CPU.Build.0 = Debug|Any CPU
		{201B8348-3727-4D4F-9B94-0DBE8273002C}.Release|Any CPU.ActiveCfg = Release|Any CPU
		{201B8348-3727-4D4F-9B94-0DBE8273002C}.Release|Any CPU.Build.0 = Release|Any CPU
	EndGlobalSection
	GlobalSection(SolutionProperties) = preSolution
		HideSolutionNode = FALSE
	EndGlobalSection
	GlobalSection(NestedProjects) = preSolution
		{53AE35DE-88F0-43EE-90E1-EB70277C4D9F} = {02EA681E-C7D8-13C7-8484-4AC65E1B71E8}
		{72AD284C-5AAD-4EE7-87F2-DCDB28B0ADE2} = {06367A96-7410-4B47-AB96-0FC5F646A5E9}
		{7CD0EAEF-E033-4A0A-9EF4-8AB144C53B37} = {FB53B95A-6BEC-4866-B005-09EA592F84C3}
		{201B8348-3727-4D4F-9B94-0DBE8273002C} = {007F5270-0143-4028-8EE3-2951DDEB5DA0}
	EndGlobalSection
	GlobalSection(ExtensibilityGlobals) = postSolution
		SolutionGuid = {DFB800D2-68D4-43B3-80DD-5386EB325556}
	EndGlobalSection
EndGlobal
